
Microsoft Visual Studio Solution File, Format Version 12.00
# Visual Studio Version 17
VisualStudioVersion = 17.14.36401.2 d17.14
MinimumVisualStudioVersion = 10.0.40219.1
Project("{FAE04EC0-301F-11D3-BF4B-00C04F79EFBC}") = "lista-de-compras", "lista-de-compras\lista-de-compras.csproj", "{0BD32591-9DAF-44F7-8429-6D0F07DF2DF4}"
EndProject
Global
	GlobalSection(SolutionConfigurationPlatforms) = preSolution
		Debug|Any CPU = Debug|Any CPU
		Release|Any CPU = Release|Any CPU
	EndGlobalSection
	GlobalSection(ProjectConfigurationPlatforms) = postSolution
		{0BD32591-9DAF-44F7-8429-6D0F07DF2DF4}.Debug|Any CPU.ActiveCfg = Debug|Any CPU
		{0BD32591-9DAF-44F7-8429-6D0F07DF2DF4}.Debug|Any CPU.Build.0 = Debug|Any CPU
		{0BD32591-9DAF-44F7-8429-6D0F07DF2DF4}.Release|Any CPU.ActiveCfg = Release|Any CPU
		{0BD32591-9DAF-44F7-8429-6D0F07DF2DF4}.Release|Any CPU.Build.0 = Release|Any CPU
	EndGlobalSection
	GlobalSection(SolutionProperties) = preSolution
		HideSolutionNode = FALSE
	EndGlobalSection
	GlobalSection(ExtensibilityGlobals) = postSolution
		SolutionGuid = {105A343D-DF7C-4EEB-AC2B-BA22EEFA5091}
	EndGlobalSection
EndGlobal
